// !$*UTF8*$!
{
	archiveVersion = 1;
	classes = {
	};
	objectVersion = 56;
	objects = {

/* Begin PBXBuildFile section */
		55362A082A249A3A00DC14DC /* RandomImageListViewModel.swift in Sources */ = {isa = PBXBuildFile; fileRef = 55362A072A249A3A00DC14DC /* RandomImageListViewModel.swift */; };
		55DF861B2A22A6FF0043A8BA /* RandomQuotesApp.swift in Sources */ = {isa = PBXBuildFile; fileRef = 55DF861A2A22A6FF0043A8BA /* RandomQuotesApp.swift */; };
		55DF861D2A22A6FF0043A8BA /* ContentView.swift in Sources */ = {isa = PBXBuildFile; fileRef = 55DF861C2A22A6FF0043A8BA /* ContentView.swift */; };
		55DF861F2A22A7010043A8BA /* Assets.xcassets in Resources */ = {isa = PBXBuildFile; fileRef = 55DF861E2A22A7010043A8BA /* Assets.xcassets */; };
		55DF86222A22A7010043A8BA /* Preview Assets.xcassets in Resources */ = {isa = PBXBuildFile; fileRef = 55DF86212A22A7010043A8BA /* Preview Assets.xcassets */; };
		55DF862D2A22A75B0043A8BA /* RandomImage.swift in Sources */ = {isa = PBXBuildFile; fileRef = 55DF862C2A22A75B0043A8BA /* RandomImage.swift */; };
		55DF862F2A22A77A0043A8BA /* Webservice.swift in Sources */ = {isa = PBXBuildFile; fileRef = 55DF862E2A22A77A0043A8BA /* Webservice.swift */; };
		55DF86312A22A7920043A8BA /* Constants.swift in Sources */ = {isa = PBXBuildFile; fileRef = 55DF86302A22A7920043A8BA /* Constants.swift */; };
		55DF86332A22AC020043A8BA /* Quote.swift in Sources */ = {isa = PBXBuildFile; fileRef = 55DF86322A22AC020043A8BA /* Quote.swift */; };
/* End PBXBuildFile section */

/* Begin PBXFileReference section */
		55362A072A249A3A00DC14DC /* RandomImageListViewModel.swift */ = {isa = PBXFileReference; lastKnownFileType = sourcecode.swift; path = RandomImageListViewModel.swift; sourceTree = "<group>"; };
		55DF86172A22A6FF0043A8BA /* RandomQuotes.app */ = {isa = PBXFileReference; explicitFileType = wrapper.application; includeInIndex = 0; path = RandomQuotes.app; sourceTree = BUILT_PRODUCTS_DIR; };
		55DF861A2A22A6FF0043A8BA /* RandomQuotesApp.swift */ = {isa = PBXFileReference; lastKnownFileType = sourcecode.swift; path = RandomQuotesApp.swift; sourceTree = "<group>"; };
		55DF861C2A22A6FF0043A8BA /* ContentView.swift */ = {isa = PBXFileReference; lastKnownFileType = sourcecode.swift; path = ContentView.swift; sourceTree = "<group>"; };
		55DF861E2A22A7010043A8BA /* Assets.xcassets */ = {isa = PBXFileReference; lastKnownFileType = folder.assetcatalog; path = Assets.xcassets; sourceTree = "<group>"; };
		55DF86212A22A7010043A8BA /* Preview Assets.xcassets */ = {isa = PBXFileReference; lastKnownFileType = folder.assetcatalog; path = "Preview Assets.xcassets"; sourceTree = "<group>"; };
		55DF862C2A22A75B0043A8BA /* RandomImage.swift */ = {isa = PBXFileReference; lastKnownFileType = sourcecode.swift; path = RandomImage.swift; sourceTree = "<group>"; };
		55DF862E2A22A77A0043A8BA /* Webservice.swift */ = {isa = PBXFileReference; lastKnownFileType = sourcecode.swift; path = Webservice.swift; sourceTree = "<group>"; };
		55DF86302A22A7920043A8BA /* Constants.swift */ = {isa = PBXFileReference; lastKnownFileType = sourcecode.swift; path = Constants.swift; sourceTree = "<group>"; };
		55DF86322A22AC020043A8BA /* Quote.swift */ = {isa = PBXFileReference; lastKnownFileType = sourcecode.swift; path = Quote.swift; sourceTree = "<group>"; };
/* End PBXFileReference section */

/* Begin PBXFrameworksBuildPhase section */
		55DF86142A22A6FF0043A8BA /* Frameworks */ = {
			isa = PBXFrameworksBuildPhase;
			buildActionMask = 2147483647;
			files = (
			);
			runOnlyForDeploymentPostprocessing = 0;
		};
/* End PBXFrameworksBuildPhase section */

/* Begin PBXGroup section */
		55DF860E2A22A6FF0043A8BA = {
			isa = PBXGroup;
			children = (
				55DF86192A22A6FF0043A8BA /* RandomQuotes */,
				55DF86182A22A6FF0043A8BA /* Products */,
			);
			sourceTree = "<group>";
		};
		55DF86182A22A6FF0043A8BA /* Products */ = {
			isa = PBXGroup;
			children = (
				55DF86172A22A6FF0043A8BA /* RandomQuotes.app */,
			);
			name = Products;
			sourceTree = "<group>";
		};
		55DF86192A22A6FF0043A8BA /* RandomQuotes */ = {
			isa = PBXGroup;
			children = (
				55DF862B2A22A7490043A8BA /* Models */,
				55DF862A2A22A73C0043A8BA /* ViewModels */,
				55DF86292A22A7350043A8BA /* Utils */,
				55DF86282A22A72F0043A8BA /* Services */,
				55DF861A2A22A6FF0043A8BA /* RandomQuotesApp.swift */,
				55DF861C2A22A6FF0043A8BA /* ContentView.swift */,
				55DF861E2A22A7010043A8BA /* Assets.xcassets */,
				55DF86202A22A7010043A8BA /* Preview Content */,
			);
			path = RandomQuotes;
			sourceTree = "<group>";
		};
		55DF86202A22A7010043A8BA /* Preview Content */ = {
			isa = PBXGroup;
			children = (
				55DF86212A22A7010043A8BA /* Preview Assets.xcassets */,
			);
			path = "Preview Content";
			sourceTree = "<group>";
		};
		55DF86282A22A72F0043A8BA /* Services */ = {
			isa = PBXGroup;
			children = (
				55DF862E2A22A77A0043A8BA /* Webservice.swift */,
			);
			path = Services;
			sourceTree = "<group>";
		};
		55DF86292A22A7350043A8BA /* Utils */ = {
			isa = PBXGroup;
			children = (
				55DF86302A22A7920043A8BA /* Constants.swift */,
			);
			path = Utils;
			sourceTree = "<group>";
		};
		55DF862A2A22A73C0043A8BA /* ViewModels */ = {
			isa = PBXGroup;
			children = (
				55362A072A249A3A00DC14DC /* RandomImageListViewModel.swift */,
			);
			path = ViewModels;
			sourceTree = "<group>";
		};
		55DF862B2A22A7490043A8BA /* Models */ = {
			isa = PBXGroup;
			children = (
				55DF862C2A22A75B0043A8BA /* RandomImage.swift */,
				55DF86322A22AC020043A8BA /* Quote.swift */,
			);
			path = Models;
			sourceTree = "<group>";
		};
/* End PBXGroup section */

/* Begin PBXNativeTarget section */
		55DF86162A22A6FF0043A8BA /* RandomQuotes */ = {
			isa = PBXNativeTarget;
			buildConfigurationList = 55DF86252A22A7010043A8BA /* Build configuration list for PBXNativeTarget "RandomQuotes" */;
			buildPhases = (
				55DF86132A22A6FF0043A8BA /* Sources */,
				55DF86142A22A6FF0043A8BA /* Frameworks */,
				55DF86152A22A6FF0043A8BA /* Resources */,
			);
			buildRules = (
			);
			dependencies = (
			);
			name = RandomQuotes;
			productName = RandomQuotes;
			productReference = 55DF86172A22A6FF0043A8BA /* RandomQuotes.app */;
			productType = "com.apple.product-type.application";
		};
/* End PBXNativeTarget section */

/* Begin PBXProject section */
		55DF860F2A22A6FF0043A8BA /* Project object */ = {
			isa = PBXProject;
			attributes = {
				BuildIndependentTargetsInParallel = 1;
				LastSwiftUpdateCheck = 1420;
				LastUpgradeCheck = 1420;
				TargetAttributes = {
					55DF86162A22A6FF0043A8BA = {
						CreatedOnToolsVersion = 14.2;
					};
				};
			};
			buildConfigurationList = 55DF86122A22A6FF0043A8BA /* Build configuration list for PBXProject "RandomQuotes" */;
			compatibilityVersion = "Xcode 14.0";
			developmentRegion = en;
			hasScannedForEncodings = 0;
			knownRegions = (
				en,
				Base,
			);
			mainGroup = 55DF860E2A22A6FF0043A8BA;
			productRefGroup = 55DF86182A22A6FF0043A8BA /* Products */;
			projectDirPath = "";
			projectRoot = "";
			targets = (
				55DF86162A22A6FF0043A8BA /* RandomQuotes */,
			);
		};
/* End PBXProject section */

/* Begin PBXResourcesBuildPhase section */
		55DF86152A22A6FF0043A8BA /* Resources */ = {
			isa = PBXResourcesBuildPhase;
			buildActionMask = 2147483647;
			files = (
				55DF86222A22A7010043A8BA /* Preview Assets.xcassets in Resources */,
				55DF861F2A22A7010043A8BA /* Assets.xcassets in Resources */,
			);
			runOnlyForDeploymentPostprocessing = 0;
		};
/* End PBXResourcesBuildPhase section */

/* Begin PBXSourcesBuildPhase section */
		55DF86132A22A6FF0043A8BA /* Sources */ = {
			isa = PBXSourcesBuildPhase;
			buildActionMask = 2147483647;
			files = (
				55DF86312A22A7920043A8BA /* Constants.swift in Sources */,
				55362A082A249A3A00DC14DC /* RandomImageListViewModel.swift in Sources */,
				55DF861D2A22A6FF0043A8BA /* ContentView.swift in Sources */,
				55DF862D2A22A75B0043A8BA /* RandomImage.swift in Sources */,
				55DF862F2A22A77A0043A8BA /* Webservice.swift in Sources */,
				55DF86332A22AC020043A8BA /* Quote.swift in Sources */,
				55DF861B2A22A6FF0043A8BA /* RandomQuotesApp.swift in Sources */,
			);
			runOnlyForDeploymentPostprocessing = 0;
		};
/* End PBXSourcesBuildPhase section */

/* Begin XCBuildConfiguration section */
		55DF86232A22A7010043A8BA /* Debug */ = {
			isa = XCBuildConfiguration;
			buildSettings = {
				ALWAYS_SEARCH_USER_PATHS = NO;
				CLANG_ANALYZER_NONNULL = YES;
				CLANG_ANALYZER_NUMBER_OBJECT_CONVERSION = YES_AGGRESSIVE;
				CLANG_CXX_LANGUAGE_STANDARD = "gnu++20";
				CLANG_ENABLE_MODULES = YES;
				CLANG_ENABLE_OBJC_ARC = YES;
				CLANG_ENABLE_OBJC_WEAK = YES;
				CLANG_WARN_BLOCK_CAPTURE_AUTORELEASING = YES;
				CLANG_WARN_BOOL_CONVERSION = YES;
				CLANG_WARN_COMMA = YES;
				CLANG_WARN_CONSTANT_CONVERSION = YES;
				CLANG_WARN_DEPRECATED_OBJC_IMPLEMENTATIONS = YES;
				CLANG_WARN_DIRECT_OBJC_ISA_USAGE = YES_ERROR;
				CLANG_WARN_DOCUMENTATION_COMMENTS = YES;
				CLANG_WARN_EMPTY_BODY = YES;
				CLANG_WARN_ENUM_CONVERSION = YES;
				CLANG_WARN_INFINITE_RECURSION = YES;
				CLANG_WARN_INT_CONVERSION = YES;
				CLANG_WARN_NON_LITERAL_NULL_CONVERSION = YES;
				CLANG_WARN_OBJC_IMPLICIT_RETAIN_SELF = YES;
				CLANG_WARN_OBJC_LITERAL_CONVERSION = YES;
				CLANG_WARN_OBJC_ROOT_CLASS = YES_ERROR;
				CLANG_WARN_QUOTED_INCLUDE_IN_FRAMEWORK_HEADER = YES;
				CLANG_WARN_RANGE_LOOP_ANALYSIS = YES;
				CLANG_WARN_STRICT_PROTOTYPES = YES;
				CLANG_WARN_SUSPICIOUS_MOVE = YES;
				CLANG_WARN_UNGUARDED_AVAILABILITY = YES_AGGRESSIVE;
				CLANG_WARN_UNREACHABLE_CODE = YES;
				CLANG_WARN__DUPLICATE_METHOD_MATCH = YES;
				COPY_PHASE_STRIP = NO;
				DEBUG_INFORMATION_FORMAT = dwarf;
				ENABLE_STRICT_OBJC_MSGSEND = YES;
				ENABLE_TESTABILITY = YES;
				GCC_C_LANGUAGE_STANDARD = gnu11;
				GCC_DYNAMIC_NO_PIC = NO;
				GCC_NO_COMMON_BLOCKS = YES;
				GCC_OPTIMIZATION_LEVEL = 0;
				GCC_PREPROCESSOR_DEFINITIONS = (
					"DEBUG=1",
					"$(inherited)",
				);
				GCC_WARN_64_TO_32_BIT_CONVERSION = YES;
				GCC_WARN_ABOUT_RETURN_TYPE = YES_ERROR;
				GCC_WARN_UNDECLARED_SELECTOR = YES;
				GCC_WARN_UNINITIALIZED_AUTOS = YES_AGGRESSIVE;
				GCC_WARN_UNUSED_FUNCTION = YES;
				GCC_WARN_UNUSED_VARIABLE = YES;
				IPHONEOS_DEPLOYMENT_TARGET = 16.2;
				MTL_ENABLE_DEBUG_INFO = INCLUDE_SOURCE;
				MTL_FAST_MATH = YES;
				ONLY_ACTIVE_ARCH = YES;
				SDKROOT = iphoneos;
				SWIFT_ACTIVE_COMPILATION_CONDITIONS = DEBUG;
				SWIFT_OPTIMIZATION_LEVEL = "-Onone";
			};
			name = Debug;
		};
		55DF86242A22A7010043A8BA /* Release */ = {
			isa = XCBuildConfiguration;
			buildSettings = {
				ALWAYS_SEARCH_USER_PATHS = NO;
				CLANG_ANALYZER_NONNULL = YES;
				CLANG_ANALYZER_NUMBER_OBJECT_CONVERSION = YES_AGGRESSIVE;
				CLANG_CXX_LANGUAGE_STANDARD = "gnu++20";
				CLANG_ENABLE_MODULES = YES;
				CLANG_ENABLE_OBJC_ARC = YES;
				CLANG_ENABLE_OBJC_WEAK = YES;
				CLANG_WARN_BLOCK_CAPTURE_AUTORELEASING = YES;
				CLANG_WARN_BOOL_CONVERSION = YES;
				CLANG_WARN_COMMA = YES;
				CLANG_WARN_CONSTANT_CONVERSION = YES;
				CLANG_WARN_DEPRECATED_OBJC_IMPLEMENTATIONS = YES;
				CLANG_WARN_DIRECT_OBJC_ISA_USAGE = YES_ERROR;
				CLANG_WARN_DOCUMENTATION_COMMENTS = YES;
				CLANG_WARN_EMPTY_BODY = YES;
				CLANG_WARN_ENUM_CONVERSION = YES;
				CLANG_WARN_INFINITE_RECURSION = YES;
				CLANG_WARN_INT_CONVERSION = YES;
				CLANG_WARN_NON_LITERAL_NULL_CONVERSION = YES;
				CLANG_WARN_OBJC_IMPLICIT_RETAIN_SELF = YES;
				CLANG_WARN_OBJC_LITERAL_CONVERSION = YES;
				CLANG_WARN_OBJC_ROOT_CLASS = YES_ERROR;
				CLANG_WARN_QUOTED_INCLUDE_IN_FRAMEWORK_HEADER = YES;
				CLANG_WARN_RANGE_LOOP_ANALYSIS = YES;
				CLANG_WARN_STRICT_PROTOTYPES = YES;
				CLANG_WARN_SUSPICIOUS_MOVE = YES;
				CLANG_WARN_UNGUARDED_AVAILABILITY = YES_AGGRESSIVE;
				CLANG_WARN_UNREACHABLE_CODE = YES;
				CLANG_WARN__DUPLICATE_METHOD_MATCH = YES;
				COPY_PHASE_STRIP = NO;
				DEBUG_INFORMATION_FORMAT = "dwarf-with-dsym";
				ENABLE_NS_ASSERTIONS = NO;
				ENABLE_STRICT_OBJC_MSGSEND = YES;
				GCC_C_LANGUAGE_STANDARD = gnu11;
				GCC_NO_COMMON_BLOCKS = YES;
				GCC_WARN_64_TO_32_BIT_CONVERSION = YES;
				GCC_WARN_ABOUT_RETURN_TYPE = YES_ERROR;
				GCC_WARN_UNDECLARED_SELECTOR = YES;
				GCC_WARN_UNINITIALIZED_AUTOS = YES_AGGRESSIVE;
				GCC_WARN_UNUSED_FUNCTION = YES;
				GCC_WARN_UNUSED_VARIABLE = YES;
				IPHONEOS_DEPLOYMENT_TARGET = 16.2;
				MTL_ENABLE_DEBUG_INFO = NO;
				MTL_FAST_MATH = YES;
				SDKROOT = iphoneos;
				SWIFT_COMPILATION_MODE = wholemodule;
				SWIFT_OPTIMIZATION_LEVEL = "-O";
				VALIDATE_PRODUCT = YES;
			};
			name = Release;
		};
		55DF86262A22A7010043A8BA /* Debug */ = {
			isa = XCBuildConfiguration;
			buildSettings = {
				ASSETCATALOG_COMPILER_APPICON_NAME = AppIcon;
				ASSETCATALOG_COMPILER_GLOBAL_ACCENT_COLOR_NAME = AccentColor;
				CODE_SIGN_STYLE = Automatic;
				CURRENT_PROJECT_VERSION = 1;
				DEVELOPMENT_ASSET_PATHS = "\"RandomQuotes/Preview Content\"";
				DEVELOPMENT_TEAM = 3W6S8FM5ZF;
				ENABLE_PREVIEWS = YES;
				GENERATE_INFOPLIST_FILE = YES;
				INFOPLIST_KEY_UIApplicationSceneManifest_Generation = YES;
				INFOPLIST_KEY_UIApplicationSupportsIndirectInputEvents = YES;
				INFOPLIST_KEY_UILaunchScreen_Generation = YES;
				INFOPLIST_KEY_UISupportedInterfaceOrientations_iPad = "UIInterfaceOrientationPortrait UIInterfaceOrientationPortraitUpsideDown UIInterfaceOrientationLandscapeLeft UIInterfaceOrientationLandscapeRight";
				INFOPLIST_KEY_UISupportedInterfaceOrientations_iPhone = "UIInterfaceOrientationPortrait UIInterfaceOrientationLandscapeLeft UIInterfaceOrientationLandscapeRight";
				LD_RUNPATH_SEARCH_PATHS = (
					"$(inherited)",
					"@executable_path/Frameworks",
				);
				MARKETING_VERSION = 1.0;
				PRODUCT_BUNDLE_IDENTIFIER = com.iniongungroup.RandomQuotes;
				PRODUCT_NAME = "$(TARGET_NAME)";
				SWIFT_EMIT_LOC_STRINGS = YES;
				SWIFT_VERSION = 5.0;
				TARGETED_DEVICE_FAMILY = "1,2";
			};
			name = Debug;
		};
		55DF86272A22A7010043A8BA /* Release */ = {
			isa = XCBuildConfiguration;
			buildSettings = {
				ASSETCATALOG_COMPILER_APPICON_NAME = AppIcon;
				ASSETCATALOG_COMPILER_GLOBAL_ACCENT_COLOR_NAME = AccentColor;
				CODE_SIGN_STYLE = Automatic;
				CURRENT_PROJECT_VERSION = 1;
				DEVELOPMENT_ASSET_PATHS = "\"RandomQuotes/Preview Content\"";
				DEVELOPMENT_TEAM = 3W6S8FM5ZF;
				ENABLE_PREVIEWS = YES;
				GENERATE_INFOPLIST_FILE = YES;
				INFOPLIST_KEY_UIApplicationSceneManifest_Generation = YES;
				INFOPLIST_KEY_UIApplicationSupportsIndirectInputEvents = YES;
				INFOPLIST_KEY_UILaunchScreen_Generation = YES;
				INFOPLIST_KEY_UISupportedInterfaceOrientations_iPad = "UIInterfaceOrientationPortrait UIInterfaceOrientationPortraitUpsideDown UIInterfaceOrientationLandscapeLeft UIInterfaceOrientationLandscapeRight";
				INFOPLIST_KEY_UISupportedInterfaceOrientations_iPhone = "UIInterfaceOrientationPortrait UIInterfaceOrientationLandscapeLeft UIInterfaceOrientationLandscapeRight";
				LD_RUNPATH_SEARCH_PATHS = (
					"$(inherited)",
					"@executable_path/Frameworks",
				);
				MARKETING_VERSION = 1.0;
				PRODUCT_BUNDLE_IDENTIFIER = com.iniongungroup.RandomQuotes;
				PRODUCT_NAME = "$(TARGET_NAME)";
				SWIFT_EMIT_LOC_STRINGS = YES;
				SWIFT_VERSION = 5.0;
				TARGETED_DEVICE_FAMILY = "1,2";
			};
			name = Release;
		};
/* End XCBuildConfiguration section */

/* Begin XCConfigurationList section */
		55DF86122A22A6FF0043A8BA /* Build configuration list for PBXProject "RandomQuotes" */ = {
			isa = XCConfigurationList;
			buildConfigurations = (
				55DF86232A22A7010043A8BA /* Debug */,
				55DF86242A22A7010043A8BA /* Release */,
			);
			defaultConfigurationIsVisible = 0;
			defaultConfigurationName = Release;
		};
		55DF86252A22A7010043A8BA /* Build configuration list for PBXNativeTarget "RandomQuotes" */ = {
			isa = XCConfigurationList;
			buildConfigurations = (
				55DF86262A22A7010043A8BA /* Debug */,
				55DF86272A22A7010043A8BA /* Release */,
			);
			defaultConfigurationIsVisible = 0;
			defaultConfigurationName = Release;
		};
/* End XCConfigurationList section */
	};
	rootObject = 55DF860F2A22A6FF0043A8BA /* Project object */;
}
